// !$*UTF8*$!
{
	archiveVersion = 1;
	classes = {
	};
	objectVersion = 55;
	objects = {

/* Begin PBXBuildFile section */
		600590B1287AECD400B4B352 /* AppDelegate.swift in Sources */ = {isa = PBXBuildFile; fileRef = 600590B0287AECD400B4B352 /* AppDelegate.swift */; };
		600590B3287AECD400B4B352 /* SceneDelegate.swift in Sources */ = {isa = PBXBuildFile; fileRef = 600590B2287AECD400B4B352 /* SceneDelegate.swift */; };
		600590B5287AECD400B4B352 /* MainVC.swift in Sources */ = {isa = PBXBuildFile; fileRef = 600590B4287AECD400B4B352 /* MainVC.swift */; };
		600590B8287AECD400B4B352 /* Main.storyboard in Resources */ = {isa = PBXBuildFile; fileRef = 600590B6287AECD400B4B352 /* Main.storyboard */; };
		600590BA287AECD800B4B352 /* Assets.xcassets in Resources */ = {isa = PBXBuildFile; fileRef = 600590B9287AECD800B4B352 /* Assets.xcassets */; };
		600590BD287AECD800B4B352 /* LaunchScreen.storyboard in Resources */ = {isa = PBXBuildFile; fileRef = 600590BB287AECD800B4B352 /* LaunchScreen.storyboard */; };
		600590CA287AEDAF00B4B352 /* ScoreModel.swift in Sources */ = {isa = PBXBuildFile; fileRef = 600590C9287AEDAF00B4B352 /* ScoreModel.swift */; };
		60AF60832886BF6D0007E33B /* Constants.swift in Sources */ = {isa = PBXBuildFile; fileRef = 60AF60822886BF6D0007E33B /* Constants.swift */; };
		60DC76F9287B51B6007EF05E /* ScoreVC.swift in Sources */ = {isa = PBXBuildFile; fileRef = 60DC76F8287B51B5007EF05E /* ScoreVC.swift */; };
/* End PBXBuildFile section */

/* Begin PBXFileReference section */
		600590AD287AECD400B4B352 /* FastFinger.app */ = {isa = PBXFileReference; explicitFileType = wrapper.application; includeInIndex = 0; path = FastFinger.app; sourceTree = BUILT_PRODUCTS_DIR; };
		600590B0287AECD400B4B352 /* AppDelegate.swift */ = {isa = PBXFileReference; lastKnownFileType = sourcecode.swift; path = AppDelegate.swift; sourceTree = "<group>"; };
		600590B2287AECD400B4B352 /* SceneDelegate.swift */ = {isa = PBXFileReference; lastKnownFileType = sourcecode.swift; path = SceneDelegate.swift; sourceTree = "<group>"; };
		600590B4287AECD400B4B352 /* MainVC.swift */ = {isa = PBXFileReference; lastKnownFileType = sourcecode.swift; path = MainVC.swift; sourceTree = "<group>"; };
		600590B7287AECD400B4B352 /* Base */ = {isa = PBXFileReference; lastKnownFileType = file.storyboard; name = Base; path = Base.lproj/Main.storyboard; sourceTree = "<group>"; };
		600590B9287AECD800B4B352 /* Assets.xcassets */ = {isa = PBXFileReference; lastKnownFileType = folder.assetcatalog; path = Assets.xcassets; sourceTree = "<group>"; };
		600590BC287AECD800B4B352 /* Base */ = {isa = PBXFileReference; lastKnownFileType = file.storyboard; name = Base; path = Base.lproj/LaunchScreen.storyboard; sourceTree = "<group>"; };
		600590BE287AECD800B4B352 /* Info.plist */ = {isa = PBXFileReference; lastKnownFileType = text.plist.xml; path = Info.plist; sourceTree = "<group>"; };
		600590C9287AEDAF00B4B352 /* ScoreModel.swift */ = {isa = PBXFileReference; lastKnownFileType = sourcecode.swift; path = ScoreModel.swift; sourceTree = "<group>"; };
		60AF60822886BF6D0007E33B /* Constants.swift */ = {isa = PBXFileReference; lastKnownFileType = sourcecode.swift; path = Constants.swift; sourceTree = "<group>"; };
		60DC76F8287B51B5007EF05E /* ScoreVC.swift */ = {isa = PBXFileReference; lastKnownFileType = sourcecode.swift; path = ScoreVC.swift; sourceTree = "<group>"; };
/* End PBXFileReference section */

/* Begin PBXFrameworksBuildPhase section */
		600590AA287AECD400B4B352 /* Frameworks */ = {
			isa = PBXFrameworksBuildPhase;
			buildActionMask = 2147483647;
			files = (
			);
			runOnlyForDeploymentPostprocessing = 0;
		};
/* End PBXFrameworksBuildPhase section */

/* Begin PBXGroup section */
		600590A4287AECD400B4B352 = {
			isa = PBXGroup;
			children = (
				600590AF287AECD400B4B352 /* FastFinger */,
				600590AE287AECD400B4B352 /* Products */,
			);
			sourceTree = "<group>";
		};
		600590AE287AECD400B4B352 /* Products */ = {
			isa = PBXGroup;
			children = (
				600590AD287AECD400B4B352 /* FastFinger.app */,
			);
			name = Products;
			sourceTree = "<group>";
		};
		600590AF287AECD400B4B352 /* FastFinger */ = {
			isa = PBXGroup;
			children = (
				600590C7287AED1D00B4B352 /* Controller */,
				600590C8287AED2800B4B352 /* Model */,
				600590C4287AECF800B4B352 /* View */,
				600590B0287AECD400B4B352 /* AppDelegate.swift */,
				600590B2287AECD400B4B352 /* SceneDelegate.swift */,
				600590B9287AECD800B4B352 /* Assets.xcassets */,
				600590BB287AECD800B4B352 /* LaunchScreen.storyboard */,
				600590BE287AECD800B4B352 /* Info.plist */,
			);
			path = FastFinger;
			sourceTree = "<group>";
		};
		600590C4287AECF800B4B352 /* View */ = {
			isa = PBXGroup;
			children = (
				600590B6287AECD400B4B352 /* Main.storyboard */,
			);
			path = View;
			sourceTree = "<group>";
		};
		600590C7287AED1D00B4B352 /* Controller */ = {
			isa = PBXGroup;
			children = (
				600590B4287AECD400B4B352 /* MainVC.swift */,
				60DC76F8287B51B5007EF05E /* ScoreVC.swift */,
			);
			path = Controller;
			sourceTree = "<group>";
		};
		600590C8287AED2800B4B352 /* Model */ = {
			isa = PBXGroup;
			children = (
				600590C9287AEDAF00B4B352 /* ScoreModel.swift */,
				60AF60822886BF6D0007E33B /* Constants.swift */,
			);
			path = Model;
			sourceTree = "<group>";
		};
/* End PBXGroup section */

/* Begin PBXNativeTarget section */
		600590AC287AECD400B4B352 /* FastFinger */ = {
			isa = PBXNativeTarget;
			buildConfigurationList = 600590C1287AECD800B4B352 /* Build configuration list for PBXNativeTarget "FastFinger" */;
			buildPhases = (
				600590A9287AECD400B4B352 /* Sources */,
				600590AA287AECD400B4B352 /* Frameworks */,
				600590AB287AECD400B4B352 /* Resources */,
			);
			buildRules = (
			);
			dependencies = (
			);
			name = FastFinger;
			productName = FastFinger;
			productReference = 600590AD287AECD400B4B352 /* FastFinger.app */;
			productType = "com.apple.product-type.application";
		};
/* End PBXNativeTarget section */

/* Begin PBXProject section */
		600590A5287AECD400B4B352 /* Project object */ = {
			isa = PBXProject;
			attributes = {
				BuildIndependentTargetsInParallel = 1;
				LastSwiftUpdateCheck = 1340;
				LastUpgradeCheck = 1340;
				TargetAttributes = {
					600590AC287AECD400B4B352 = {
						CreatedOnToolsVersion = 13.4.1;
					};
				};
			};
			buildConfigurationList = 600590A8287AECD400B4B352 /* Build configuration list for PBXProject "FastFinger" */;
			compatibilityVersion = "Xcode 13.0";
			developmentRegion = en;
			hasScannedForEncodings = 0;
			knownRegions = (
				en,
				Base,
			);
			mainGroup = 600590A4287AECD400B4B352;
			productRefGroup = 600590AE287AECD400B4B352 /* Products */;
			projectDirPath = "";
			projectRoot = "";
			targets = (
				600590AC287AECD400B4B352 /* FastFinger */,
			);
		};
/* End PBXProject section */

/* Begin PBXResourcesBuildPhase section */
		600590AB287AECD400B4B352 /* Resources */ = {
			isa = PBXResourcesBuildPhase;
			buildActionMask = 2147483647;
			files = (
				600590BD287AECD800B4B352 /* LaunchScreen.storyboard in Resources */,
				600590BA287AECD800B4B352 /* Assets.xcassets in Resources */,
				600590B8287AECD400B4B352 /* Main.storyboard in Resources */,
			);
			runOnlyForDeploymentPostprocessing = 0;
		};
/* End PBXResourcesBuildPhase section */

/* Begin PBXSourcesBuildPhase section */
		600590A9287AECD400B4B352 /* Sources */ = {
			isa = PBXSourcesBuildPhase;
			buildActionMask = 2147483647;
			files = (
				60DC76F9287B51B6007EF05E /* ScoreVC.swift in Sources */,
				600590B5287AECD400B4B352 /* MainVC.swift in Sources */,
				600590B1287AECD400B4B352 /* AppDelegate.swift in Sources */,
				600590B3287AECD400B4B352 /* SceneDelegate.swift in Sources */,
				600590CA287AEDAF00B4B352 /* ScoreModel.swift in Sources */,
				60AF60832886BF6D0007E33B /* Constants.swift in Sources */,
			);
			runOnlyForDeploymentPostprocessing = 0;
		};
/* End PBXSourcesBuildPhase section */

/* Begin PBXVariantGroup section */
		600590B6287AECD400B4B352 /* Main.storyboard */ = {
			isa = PBXVariantGroup;
			children = (
				600590B7287AECD400B4B352 /* Base */,
			);
			name = Main.storyboard;
			sourceTree = "<group>";
		};
		600590BB287AECD800B4B352 /* LaunchScreen.storyboard */ = {
			isa = PBXVariantGroup;
			children = (
				600590BC287AECD800B4B352 /* Base */,
			);
			name = LaunchScreen.storyboard;
			sourceTree = "<group>";
		};
/* End PBXVariantGroup section */

/* Begin XCBuildConfiguration section */
		600590BF287AECD800B4B352 /* Debug */ = {
			isa = XCBuildConfiguration;
			buildSettings = {
				ALWAYS_SEARCH_USER_PATHS = NO;
				CLANG_ANALYZER_NONNULL = YES;
				CLANG_ANALYZER_NUMBER_OBJECT_CONVERSION = YES_AGGRESSIVE;
				CLANG_CXX_LANGUAGE_STANDARD = "gnu++17";
				CLANG_ENABLE_MODULES = YES;
				CLANG_ENABLE_OBJC_ARC = YES;
				CLANG_ENABLE_OBJC_WEAK = YES;
				CLANG_WARN_BLOCK_CAPTURE_AUTORELEASING = YES;
				CLANG_WARN_BOOL_CONVERSION = YES;
				CLANG_WARN_COMMA = YES;
				CLANG_WARN_CONSTANT_CONVERSION = YES;
				CLANG_WARN_DEPRECATED_OBJC_IMPLEMENTATIONS = YES;
				CLANG_WARN_DIRECT_OBJC_ISA_USAGE = YES_ERROR;
				CLANG_WARN_DOCUMENTATION_COMMENTS = YES;
				CLANG_WARN_EMPTY_BODY = YES;
				CLANG_WARN_ENUM_CONVERSION = YES;
				CLANG_WARN_INFINITE_RECURSION = YES;
				CLANG_WARN_INT_CONVERSION = YES;
				CLANG_WARN_NON_LITERAL_NULL_CONVERSION = YES;
				CLANG_WARN_OBJC_IMPLICIT_RETAIN_SELF = YES;
				CLANG_WARN_OBJC_LITERAL_CONVERSION = YES;
				CLANG_WARN_OBJC_ROOT_CLASS = YES_ERROR;
				CLANG_WARN_QUOTED_INCLUDE_IN_FRAMEWORK_HEADER = YES;
				CLANG_WARN_RANGE_LOOP_ANALYSIS = YES;
				CLANG_WARN_STRICT_PROTOTYPES = YES;
				CLANG_WARN_SUSPICIOUS_MOVE = YES;
				CLANG_WARN_UNGUARDED_AVAILABILITY = YES_AGGRESSIVE;
				CLANG_WARN_UNREACHABLE_CODE = YES;
				CLANG_WARN__DUPLICATE_METHOD_MATCH = YES;
				COPY_PHASE_STRIP = NO;
				DEBUG_INFORMATION_FORMAT = dwarf;
				ENABLE_STRICT_OBJC_MSGSEND = YES;
				ENABLE_TESTABILITY = YES;
				GCC_C_LANGUAGE_STANDARD = gnu11;
				GCC_DYNAMIC_NO_PIC = NO;
				GCC_NO_COMMON_BLOCKS = YES;
				GCC_OPTIMIZATION_LEVEL = 0;
				GCC_PREPROCESSOR_DEFINITIONS = (
					"DEBUG=1",
					"$(inherited)",
				);
				GCC_WARN_64_TO_32_BIT_CONVERSION = YES;
				GCC_WARN_ABOUT_RETURN_TYPE = YES_ERROR;
				GCC_WARN_UNDECLARED_SELECTOR = YES;
				GCC_WARN_UNINITIALIZED_AUTOS = YES_AGGRESSIVE;
				GCC_WARN_UNUSED_FUNCTION = YES;
				GCC_WARN_UNUSED_VARIABLE = YES;
				IPHONEOS_DEPLOYMENT_TARGET = 15.5;
				MTL_ENABLE_DEBUG_INFO = INCLUDE_SOURCE;
				MTL_FAST_MATH = YES;
				ONLY_ACTIVE_ARCH = YES;
				SDKROOT = iphoneos;
				SWIFT_ACTIVE_COMPILATION_CONDITIONS = DEBUG;
				SWIFT_OPTIMIZATION_LEVEL = "-Onone";
			};
			name = Debug;
		};
		600590C0287AECD800B4B352 /* Release */ = {
			isa = XCBuildConfiguration;
			buildSettings = {
				ALWAYS_SEARCH_USER_PATHS = NO;
				CLANG_ANALYZER_NONNULL = YES;
				CLANG_ANALYZER_NUMBER_OBJECT_CONVERSION = YES_AGGRESSIVE;
				CLANG_CXX_LANGUAGE_STANDARD = "gnu++17";
				CLANG_ENABLE_MODULES = YES;
				CLANG_ENABLE_OBJC_ARC = YES;
				CLANG_ENABLE_OBJC_WEAK = YES;
				CLANG_WARN_BLOCK_CAPTURE_AUTORELEASING = YES;
				CLANG_WARN_BOOL_CONVERSION = YES;
				CLANG_WARN_COMMA = YES;
				CLANG_WARN_CONSTANT_CONVERSION = YES;
				CLANG_WARN_DEPRECATED_OBJC_IMPLEMENTATIONS = YES;
				CLANG_WARN_DIRECT_OBJC_ISA_USAGE = YES_ERROR;
				CLANG_WARN_DOCUMENTATION_COMMENTS = YES;
				CLANG_WARN_EMPTY_BODY = YES;
				CLANG_WARN_ENUM_CONVERSION = YES;
				CLANG_WARN_INFINITE_RECURSION = YES;
				CLANG_WARN_INT_CONVERSION = YES;
				CLANG_WARN_NON_LITERAL_NULL_CONVERSION = YES;
				CLANG_WARN_OBJC_IMPLICIT_RETAIN_SELF = YES;
				CLANG_WARN_OBJC_LITERAL_CONVERSION = YES;
				CLANG_WARN_OBJC_ROOT_CLASS = YES_ERROR;
				CLANG_WARN_QUOTED_INCLUDE_IN_FRAMEWORK_HEADER = YES;
				CLANG_WARN_RANGE_LOOP_ANALYSIS = YES;
				CLANG_WARN_STRICT_PROTOTYPES = YES;
				CLANG_WARN_SUSPICIOUS_MOVE = YES;
				CLANG_WARN_UNGUARDED_AVAILABILITY = YES_AGGRESSIVE;
				CLANG_WARN_UNREACHABLE_CODE = YES;
				CLANG_WARN__DUPLICATE_METHOD_MATCH = YES;
				COPY_PHASE_STRIP = NO;
				DEBUG_INFORMATION_FORMAT = "dwarf-with-dsym";
				ENABLE_NS_ASSERTIONS = NO;
				ENABLE_STRICT_OBJC_MSGSEND = YES;
				GCC_C_LANGUAGE_STANDARD = gnu11;
				GCC_NO_COMMON_BLOCKS = YES;
				GCC_WARN_64_TO_32_BIT_CONVERSION = YES;
				GCC_WARN_ABOUT_RETURN_TYPE = YES_ERROR;
				GCC_WARN_UNDECLARED_SELECTOR = YES;
				GCC_WARN_UNINITIALIZED_AUTOS = YES_AGGRESSIVE;
				GCC_WARN_UNUSED_FUNCTION = YES;
				GCC_WARN_UNUSED_VARIABLE = YES;
				IPHONEOS_DEPLOYMENT_TARGET = 15.5;
				MTL_ENABLE_DEBUG_INFO = NO;
				MTL_FAST_MATH = YES;
				SDKROOT = iphoneos;
				SWIFT_COMPILATION_MODE = wholemodule;
				SWIFT_OPTIMIZATION_LEVEL = "-O";
				VALIDATE_PRODUCT = YES;
			};
			name = Release;
		};
		600590C2287AECD800B4B352 /* Debug */ = {
			isa = XCBuildConfiguration;
			buildSettings = {
				ASSETCATALOG_COMPILER_APPICON_NAME = AppIcon;
				ASSETCATALOG_COMPILER_GLOBAL_ACCENT_COLOR_NAME = AccentColor;
				CODE_SIGN_STYLE = Automatic;
				CURRENT_PROJECT_VERSION = 1;
				DEVELOPMENT_TEAM = R2HYM77JZB;
				GENERATE_INFOPLIST_FILE = YES;
				INFOPLIST_FILE = FastFinger/Info.plist;
				INFOPLIST_KEY_CFBundleDisplayName = FastFinger;
				INFOPLIST_KEY_UIApplicationSupportsIndirectInputEvents = YES;
				INFOPLIST_KEY_UILaunchStoryboardName = LaunchScreen;
				INFOPLIST_KEY_UIMainStoryboardFile = Main;
				INFOPLIST_KEY_UISupportedInterfaceOrientations = "";
				INFOPLIST_KEY_UISupportedInterfaceOrientations_iPad = "UIInterfaceOrientationPortrait UIInterfaceOrientationPortraitUpsideDown UIInterfaceOrientationLandscapeLeft UIInterfaceOrientationLandscapeRight";
				INFOPLIST_KEY_UISupportedInterfaceOrientations_iPhone = "UIInterfaceOrientationPortrait UIInterfaceOrientationLandscapeLeft UIInterfaceOrientationLandscapeRight";
				IPHONEOS_DEPLOYMENT_TARGET = 13.0;
				LD_RUNPATH_SEARCH_PATHS = (
					"$(inherited)",
					"@executable_path/Frameworks",
				);
				MARKETING_VERSION = 1.0;
				PRODUCT_BUNDLE_IDENTIFIER = com.burakaltunoluk.FastFinger.FastFinger;
				PRODUCT_NAME = "$(TARGET_NAME)";
				SWIFT_EMIT_LOC_STRINGS = YES;
				SWIFT_VERSION = 5.0;
				TARGETED_DEVICE_FAMILY = 1;
			};
			name = Debug;
		};
		600590C3287AECD800B4B352 /* Release */ = {
			isa = XCBuildConfiguration;
			buildSettings = {
				ASSETCATALOG_COMPILER_APPICON_NAME = AppIcon;
				ASSETCATALOG_COMPILER_GLOBAL_ACCENT_COLOR_NAME = AccentColor;
				CODE_SIGN_STYLE = Automatic;
				CURRENT_PROJECT_VERSION = 1;
				DEVELOPMENT_TEAM = R2HYM77JZB;
				GENERATE_INFOPLIST_FILE = YES;
				INFOPLIST_FILE = FastFinger/Info.plist;
				INFOPLIST_KEY_CFBundleDisplayName = FastFinger;
				INFOPLIST_KEY_UIApplicationSupportsIndirectInputEvents = YES;
				INFOPLIST_KEY_UILaunchStoryboardName = LaunchScreen;
				INFOPLIST_KEY_UIMainStoryboardFile = Main;
				INFOPLIST_KEY_UISupportedInterfaceOrientations = "";
				INFOPLIST_KEY_UISupportedInterfaceOrientations_iPad = "UIInterfaceOrientationPortrait UIInterfaceOrientationPortraitUpsideDown UIInterfaceOrientationLandscapeLeft UIInterfaceOrientationLandscapeRight";
				INFOPLIST_KEY_UISupportedInterfaceOrientations_iPhone = "UIInterfaceOrientationPortrait UIInterfaceOrientationLandscapeLeft UIInterfaceOrientationLandscapeRight";
				IPHONEOS_DEPLOYMENT_TARGET = 13.0;
				LD_RUNPATH_SEARCH_PATHS = (
					"$(inherited)",
					"@executable_path/Frameworks",
				);
				MARKETING_VERSION = 1.0;
				PRODUCT_BUNDLE_IDENTIFIER = com.burakaltunoluk.FastFinger.FastFinger;
				PRODUCT_NAME = "$(TARGET_NAME)";
				SWIFT_EMIT_LOC_STRINGS = YES;
				SWIFT_VERSION = 5.0;
				TARGETED_DEVICE_FAMILY = 1;
			};
			name = Release;
		};
/* End XCBuildConfiguration section */

/* Begin XCConfigurationList section */
		600590A8287AECD400B4B352 /* Build configuration list for PBXProject "FastFinger" */ = {
			isa = XCConfigurationList;
			buildConfigurations = (
				600590BF287AECD800B4B352 /* Debug */,
				600590C0287AECD800B4B352 /* Release */,
			);
			defaultConfigurationIsVisible = 0;
			defaultConfigurationName = Release;
		};
		600590C1287AECD800B4B352 /* Build configuration list for PBXNativeTarget "FastFinger" */ = {
			isa = XCConfigurationList;
			buildConfigurations = (
				600590C2287AECD800B4B352 /* Debug */,
				600590C3287AECD800B4B352 /* Release */,
			);
			defaultConfigurationIsVisible = 0;
			defaultConfigurationName = Release;
		};
/* End XCConfigurationList section */
	};
	rootObject = 600590A5287AECD400B4B352 /* Project object */;
}
